// !$*UTF8*$!
{
	archiveVersion = 1;
	classes = {
	};
	objectVersion = 50;
	objects = {

/* Begin PBXBuildFile section */
		1F27F2B0211A6AFD003AE7C1 /* ImageWithAttributes.swift in Sources */ = {isa = PBXBuildFile; fileRef = 1F27F2AF211A6AFD003AE7C1 /* ImageWithAttributes.swift */; };
		1F4973F5210A5A6E00549D8E /* CoreDataHelper.swift in Sources */ = {isa = PBXBuildFile; fileRef = 1F4973F4210A5A6E00549D8E /* CoreDataHelper.swift */; };
		1F4973F9210A72EA00549D8E /* ImageCollectionViewCell.swift in Sources */ = {isa = PBXBuildFile; fileRef = 1F4973F8210A72EA00549D8E /* ImageCollectionViewCell.swift */; };
		1F6D925E2107C02A00BBD09D /* WeatherTableViewController.swift in Sources */ = {isa = PBXBuildFile; fileRef = 1F6D925D2107C02A00BBD09D /* WeatherTableViewController.swift */; };
		1F6D92602107C29600BBD09D /* Weather.swift in Sources */ = {isa = PBXBuildFile; fileRef = 1F6D925F2107C29600BBD09D /* Weather.swift */; };
		1F78C1B6211CE52F00C898E6 /* Assets.xcassets in Resources */ = {isa = PBXBuildFile; fileRef = 1F78C1B5211CE52F00C898E6 /* Assets.xcassets */; };
		1FB85F47211275890009E6DE /* CreateAnAccountController.swift in Sources */ = {isa = PBXBuildFile; fileRef = 1FB85F46211275890009E6DE /* CreateAnAccountController.swift */; };
		1FB85F4921139EA50009E6DE /* RegisterPageViewController.swift in Sources */ = {isa = PBXBuildFile; fileRef = 1FB85F4821139EA50009E6DE /* RegisterPageViewController.swift */; };
		1FB85F4B2113AA060009E6DE /* FinalOutfitViewController.swift in Sources */ = {isa = PBXBuildFile; fileRef = 1FB85F4A2113AA060009E6DE /* FinalOutfitViewController.swift */; };
		1FE4DAFC2109377400C3E81F /* HomePageViewController.swift in Sources */ = {isa = PBXBuildFile; fileRef = 1FE4DAFB2109377400C3E81F /* HomePageViewController.swift */; };
		1FF01EC921066FCC00D9B1D3 /* AppDelegate.swift in Sources */ = {isa = PBXBuildFile; fileRef = 1FF01EC821066FCC00D9B1D3 /* AppDelegate.swift */; };
		1FF01ECB21066FCC00D9B1D3 /* CreateClosetViewController.swift in Sources */ = {isa = PBXBuildFile; fileRef = 1FF01ECA21066FCC00D9B1D3 /* CreateClosetViewController.swift */; };
		1FF01ECE21066FCC00D9B1D3 /* Main.storyboard in Resources */ = {isa = PBXBuildFile; fileRef = 1FF01ECC21066FCC00D9B1D3 /* Main.storyboard */; };
		1FF01ED121066FCC00D9B1D3 /* Weather.xcdatamodeld in Sources */ = {isa = PBXBuildFile; fileRef = 1FF01ECF21066FCC00D9B1D3 /* Weather.xcdatamodeld */; };
		1FF01ED621066FD200D9B1D3 /* LaunchScreen.storyboard in Resources */ = {isa = PBXBuildFile; fileRef = 1FF01ED421066FD200D9B1D3 /* LaunchScreen.storyboard */; };
		1FF01EE121066FD200D9B1D3 /* WeatherTests.swift in Sources */ = {isa = PBXBuildFile; fileRef = 1FF01EE021066FD200D9B1D3 /* WeatherTests.swift */; };
		1FF01EEC21066FD300D9B1D3 /* WeatherUITests.swift in Sources */ = {isa = PBXBuildFile; fileRef = 1FF01EEB21066FD300D9B1D3 /* WeatherUITests.swift */; };
/* End PBXBuildFile section */

/* Begin PBXContainerItemProxy section */
		1FF01EDD21066FD200D9B1D3 /* PBXContainerItemProxy */ = {
			isa = PBXContainerItemProxy;
			containerPortal = 1FF01EBD21066FCC00D9B1D3 /* Project object */;
			proxyType = 1;
			remoteGlobalIDString = 1FF01EC421066FCC00D9B1D3;
			remoteInfo = Weather;
		};
		1FF01EE821066FD300D9B1D3 /* PBXContainerItemProxy */ = {
			isa = PBXContainerItemProxy;
			containerPortal = 1FF01EBD21066FCC00D9B1D3 /* Project object */;
			proxyType = 1;
			remoteGlobalIDString = 1FF01EC421066FCC00D9B1D3;
			remoteInfo = Weather;
		};
/* End PBXContainerItemProxy section */

/* Begin PBXFileReference section */
		1F27F2AF211A6AFD003AE7C1 /* ImageWithAttributes.swift */ = {isa = PBXFileReference; lastKnownFileType = sourcecode.swift; path = ImageWithAttributes.swift; sourceTree = "<group>"; };
		1F4973F4210A5A6E00549D8E /* CoreDataHelper.swift */ = {isa = PBXFileReference; lastKnownFileType = sourcecode.swift; path = CoreDataHelper.swift; sourceTree = "<group>"; };
		1F4973F8210A72EA00549D8E /* ImageCollectionViewCell.swift */ = {isa = PBXFileReference; lastKnownFileType = sourcecode.swift; path = ImageCollectionViewCell.swift; sourceTree = "<group>"; };
		1F6D925D2107C02A00BBD09D /* WeatherTableViewController.swift */ = {isa = PBXFileReference; lastKnownFileType = sourcecode.swift; path = WeatherTableViewController.swift; sourceTree = "<group>"; };
		1F6D925F2107C29600BBD09D /* Weather.swift */ = {isa = PBXFileReference; lastKnownFileType = sourcecode.swift; path = Weather.swift; sourceTree = "<group>"; };
		1F78C1B5211CE52F00C898E6 /* Assets.xcassets */ = {isa = PBXFileReference; lastKnownFileType = folder.assetcatalog; path = Assets.xcassets; sourceTree = "<group>"; };
		1FB85F46211275890009E6DE /* CreateAnAccountController.swift */ = {isa = PBXFileReference; lastKnownFileType = sourcecode.swift; path = CreateAnAccountController.swift; sourceTree = "<group>"; };
		1FB85F4821139EA50009E6DE /* RegisterPageViewController.swift */ = {isa = PBXFileReference; lastKnownFileType = sourcecode.swift; path = RegisterPageViewController.swift; sourceTree = "<group>"; };
		1FB85F4A2113AA060009E6DE /* FinalOutfitViewController.swift */ = {isa = PBXFileReference; lastKnownFileType = sourcecode.swift; path = FinalOutfitViewController.swift; sourceTree = "<group>"; };
		1FE4DAFB2109377400C3E81F /* HomePageViewController.swift */ = {isa = PBXFileReference; lastKnownFileType = sourcecode.swift; path = HomePageViewController.swift; sourceTree = "<group>"; };
		1FF01EC521066FCC00D9B1D3 /* Weather.app */ = {isa = PBXFileReference; explicitFileType = wrapper.application; includeInIndex = 0; path = Weather.app; sourceTree = BUILT_PRODUCTS_DIR; };
		1FF01EC821066FCC00D9B1D3 /* AppDelegate.swift */ = {isa = PBXFileReference; lastKnownFileType = sourcecode.swift; path = AppDelegate.swift; sourceTree = "<group>"; };
		1FF01ECA21066FCC00D9B1D3 /* CreateClosetViewController.swift */ = {isa = PBXFileReference; lastKnownFileType = sourcecode.swift; path = CreateClosetViewController.swift; sourceTree = "<group>"; };
		1FF01ECD21066FCC00D9B1D3 /* Base */ = {isa = PBXFileReference; lastKnownFileType = file.storyboard; name = Base; path = Base.lproj/Main.storyboard; sourceTree = "<group>"; };
		1FF01ED021066FCC00D9B1D3 /* Weather.xcdatamodel */ = {isa = PBXFileReference; lastKnownFileType = wrapper.xcdatamodel; path = Weather.xcdatamodel; sourceTree = "<group>"; };
		1FF01ED521066FD200D9B1D3 /* Base */ = {isa = PBXFileReference; lastKnownFileType = file.storyboard; name = Base; path = Base.lproj/LaunchScreen.storyboard; sourceTree = "<group>"; };
		1FF01ED721066FD200D9B1D3 /* Info.plist */ = {isa = PBXFileReference; lastKnownFileType = text.plist.xml; path = Info.plist; sourceTree = "<group>"; };
		1FF01EDC21066FD200D9B1D3 /* WeatherTests.xctest */ = {isa = PBXFileReference; explicitFileType = wrapper.cfbundle; includeInIndex = 0; path = WeatherTests.xctest; sourceTree = BUILT_PRODUCTS_DIR; };
		1FF01EE021066FD200D9B1D3 /* WeatherTests.swift */ = {isa = PBXFileReference; lastKnownFileType = sourcecode.swift; path = WeatherTests.swift; sourceTree = "<group>"; };
		1FF01EE221066FD300D9B1D3 /* Info.plist */ = {isa = PBXFileReference; lastKnownFileType = text.plist.xml; path = Info.plist; sourceTree = "<group>"; };
		1FF01EE721066FD300D9B1D3 /* WeatherUITests.xctest */ = {isa = PBXFileReference; explicitFileType = wrapper.cfbundle; includeInIndex = 0; path = WeatherUITests.xctest; sourceTree = BUILT_PRODUCTS_DIR; };
		1FF01EEB21066FD300D9B1D3 /* WeatherUITests.swift */ = {isa = PBXFileReference; lastKnownFileType = sourcecode.swift; path = WeatherUITests.swift; sourceTree = "<group>"; };
		1FF01EED21066FD300D9B1D3 /* Info.plist */ = {isa = PBXFileReference; lastKnownFileType = text.plist.xml; path = Info.plist; sourceTree = "<group>"; };
/* End PBXFileReference section */

/* Begin PBXFrameworksBuildPhase section */
		1FF01EC221066FCC00D9B1D3 /* Frameworks */ = {
			isa = PBXFrameworksBuildPhase;
			buildActionMask = 2147483647;
			files = (
			);
			runOnlyForDeploymentPostprocessing = 0;
		};
		1FF01ED921066FD200D9B1D3 /* Frameworks */ = {
			isa = PBXFrameworksBuildPhase;
			buildActionMask = 2147483647;
			files = (
			);
			runOnlyForDeploymentPostprocessing = 0;
		};
		1FF01EE421066FD300D9B1D3 /* Frameworks */ = {
			isa = PBXFrameworksBuildPhase;
			buildActionMask = 2147483647;
			files = (
			);
			runOnlyForDeploymentPostprocessing = 0;
		};
/* End PBXFrameworksBuildPhase section */

/* Begin PBXGroup section */
		1F3E00DE210BC1CE008FD368 /* Storyboards */ = {
			isa = PBXGroup;
			children = (
				1FF01ECC21066FCC00D9B1D3 /* Main.storyboard */,
				1FF01ED421066FD200D9B1D3 /* LaunchScreen.storyboard */,
			);
			path = Storyboards;
			sourceTree = "<group>";
		};
		1F3E00DF210BC1E1008FD368 /* Models */ = {
			isa = PBXGroup;
			children = (
				1F6D925F2107C29600BBD09D /* Weather.swift */,
				1F27F2AF211A6AFD003AE7C1 /* ImageWithAttributes.swift */,
			);
			path = Models;
			sourceTree = "<group>";
		};
		1F3E00E0210BC1E9008FD368 /* Controllers */ = {
			isa = PBXGroup;
			children = (
				1FE4DAFB2109377400C3E81F /* HomePageViewController.swift */,
				1FB85F46211275890009E6DE /* CreateAnAccountController.swift */,
				1F6D925D2107C02A00BBD09D /* WeatherTableViewController.swift */,
				1FF01ECA21066FCC00D9B1D3 /* CreateClosetViewController.swift */,
				1FB85F4821139EA50009E6DE /* RegisterPageViewController.swift */,
				1FB85F4A2113AA060009E6DE /* FinalOutfitViewController.swift */,
			);
			path = Controllers;
			sourceTree = "<group>";
		};
		1F3E00E1210BC1F9008FD368 /* Views */ = {
			isa = PBXGroup;
			children = (
				1F4973F8210A72EA00549D8E /* ImageCollectionViewCell.swift */,
			);
			path = Views;
			sourceTree = "<group>";
		};
		1F3E00E2210BC21D008FD368 /* CoreData */ = {
			isa = PBXGroup;
			children = (
				1F4973F4210A5A6E00549D8E /* CoreDataHelper.swift */,
				1FF01ECF21066FCC00D9B1D3 /* Weather.xcdatamodeld */,
			);
			path = CoreData;
			sourceTree = "<group>";
		};
		1FF01EBC21066FCC00D9B1D3 = {
			isa = PBXGroup;
			children = (
				1FF01EC721066FCC00D9B1D3 /* Weather */,
				1FF01EDF21066FD200D9B1D3 /* WeatherTests */,
				1FF01EEA21066FD300D9B1D3 /* WeatherUITests */,
				1FF01EC621066FCC00D9B1D3 /* Products */,
			);
			sourceTree = "<group>";
		};
		1FF01EC621066FCC00D9B1D3 /* Products */ = {
			isa = PBXGroup;
			children = (
				1FF01EC521066FCC00D9B1D3 /* Weather.app */,
				1FF01EDC21066FD200D9B1D3 /* WeatherTests.xctest */,
				1FF01EE721066FD300D9B1D3 /* WeatherUITests.xctest */,
			);
			name = Products;
			sourceTree = "<group>";
		};
		1FF01EC721066FCC00D9B1D3 /* Weather */ = {
			isa = PBXGroup;
			children = (
				1F3E00E2210BC21D008FD368 /* CoreData */,
				1F3E00E1210BC1F9008FD368 /* Views */,
				1F3E00E0210BC1E9008FD368 /* Controllers */,
				1F3E00DF210BC1E1008FD368 /* Models */,
				1F3E00DE210BC1CE008FD368 /* Storyboards */,
				1FF01EC821066FCC00D9B1D3 /* AppDelegate.swift */,
				1FF01ED721066FD200D9B1D3 /* Info.plist */,
				1F78C1B5211CE52F00C898E6 /* Assets.xcassets */,
			);
			path = Weather;
			sourceTree = "<group>";
		};
		1FF01EDF21066FD200D9B1D3 /* WeatherTests */ = {
			isa = PBXGroup;
			children = (
				1FF01EE021066FD200D9B1D3 /* WeatherTests.swift */,
				1FF01EE221066FD300D9B1D3 /* Info.plist */,
			);
			path = WeatherTests;
			sourceTree = "<group>";
		};
		1FF01EEA21066FD300D9B1D3 /* WeatherUITests */ = {
			isa = PBXGroup;
			children = (
				1FF01EEB21066FD300D9B1D3 /* WeatherUITests.swift */,
				1FF01EED21066FD300D9B1D3 /* Info.plist */,
			);
			path = WeatherUITests;
			sourceTree = "<group>";
		};
/* End PBXGroup section */

/* Begin PBXNativeTarget section */
		1FF01EC421066FCC00D9B1D3 /* Weather */ = {
			isa = PBXNativeTarget;
			buildConfigurationList = 1FF01EF021066FD300D9B1D3 /* Build configuration list for PBXNativeTarget "Weather" */;
			buildPhases = (
				1FF01EC121066FCC00D9B1D3 /* Sources */,
				1FF01EC221066FCC00D9B1D3 /* Frameworks */,
				1FF01EC321066FCC00D9B1D3 /* Resources */,
			);
			buildRules = (
			);
			dependencies = (
			);
			name = Weather;
			productName = Weather;
			productReference = 1FF01EC521066FCC00D9B1D3 /* Weather.app */;
			productType = "com.apple.product-type.application";
		};
		1FF01EDB21066FD200D9B1D3 /* WeatherTests */ = {
			isa = PBXNativeTarget;
			buildConfigurationList = 1FF01EF321066FD300D9B1D3 /* Build configuration list for PBXNativeTarget "WeatherTests" */;
			buildPhases = (
				1FF01ED821066FD200D9B1D3 /* Sources */,
				1FF01ED921066FD200D9B1D3 /* Frameworks */,
				1FF01EDA21066FD200D9B1D3 /* Resources */,
			);
			buildRules = (
			);
			dependencies = (
				1FF01EDE21066FD200D9B1D3 /* PBXTargetDependency */,
			);
			name = WeatherTests;
			productName = WeatherTests;
			productReference = 1FF01EDC21066FD200D9B1D3 /* WeatherTests.xctest */;
			productType = "com.apple.product-type.bundle.unit-test";
		};
		1FF01EE621066FD300D9B1D3 /* WeatherUITests */ = {
			isa = PBXNativeTarget;
			buildConfigurationList = 1FF01EF621066FD300D9B1D3 /* Build configuration list for PBXNativeTarget "WeatherUITests" */;
			buildPhases = (
				1FF01EE321066FD300D9B1D3 /* Sources */,
				1FF01EE421066FD300D9B1D3 /* Frameworks */,
				1FF01EE521066FD300D9B1D3 /* Resources */,
			);
			buildRules = (
			);
			dependencies = (
				1FF01EE921066FD300D9B1D3 /* PBXTargetDependency */,
			);
			name = WeatherUITests;
			productName = WeatherUITests;
			productReference = 1FF01EE721066FD300D9B1D3 /* WeatherUITests.xctest */;
			productType = "com.apple.product-type.bundle.ui-testing";
		};
/* End PBXNativeTarget section */

/* Begin PBXProject section */
		1FF01EBD21066FCC00D9B1D3 /* Project object */ = {
			isa = PBXProject;
			attributes = {
				LastSwiftUpdateCheck = 0940;
				LastUpgradeCheck = 0940;
				ORGANIZATIONNAME = "Veda Jammula";
				TargetAttributes = {
					1FF01EC421066FCC00D9B1D3 = {
						CreatedOnToolsVersion = 9.4.1;
					};
					1FF01EDB21066FD200D9B1D3 = {
						CreatedOnToolsVersion = 9.4.1;
						TestTargetID = 1FF01EC421066FCC00D9B1D3;
					};
					1FF01EE621066FD300D9B1D3 = {
						CreatedOnToolsVersion = 9.4.1;
						TestTargetID = 1FF01EC421066FCC00D9B1D3;
					};
				};
			};
			buildConfigurationList = 1FF01EC021066FCC00D9B1D3 /* Build configuration list for PBXProject "Weather" */;
			compatibilityVersion = "Xcode 9.3";
			developmentRegion = en;
			hasScannedForEncodings = 0;
			knownRegions = (
				en,
				Base,
			);
			mainGroup = 1FF01EBC21066FCC00D9B1D3;
			productRefGroup = 1FF01EC621066FCC00D9B1D3 /* Products */;
			projectDirPath = "";
			projectRoot = "";
			targets = (
				1FF01EC421066FCC00D9B1D3 /* Weather */,
				1FF01EDB21066FD200D9B1D3 /* WeatherTests */,
				1FF01EE621066FD300D9B1D3 /* WeatherUITests */,
			);
		};
/* End PBXProject section */

/* Begin PBXResourcesBuildPhase section */
		1FF01EC321066FCC00D9B1D3 /* Resources */ = {
			isa = PBXResourcesBuildPhase;
			buildActionMask = 2147483647;
			files = (
				1FF01ED621066FD200D9B1D3 /* LaunchScreen.storyboard in Resources */,
				1F78C1B6211CE52F00C898E6 /* Assets.xcassets in Resources */,
				1FF01ECE21066FCC00D9B1D3 /* Main.storyboard in Resources */,
			);
			runOnlyForDeploymentPostprocessing = 0;
		};
		1FF01EDA21066FD200D9B1D3 /* Resources */ = {
			isa = PBXResourcesBuildPhase;
			buildActionMask = 2147483647;
			files = (
			);
			runOnlyForDeploymentPostprocessing = 0;
		};
		1FF01EE521066FD300D9B1D3 /* Resources */ = {
			isa = PBXResourcesBuildPhase;
			buildActionMask = 2147483647;
			files = (
			);
			runOnlyForDeploymentPostprocessing = 0;
		};
/* End PBXResourcesBuildPhase section */

/* Begin PBXSourcesBuildPhase section */
		1FF01EC121066FCC00D9B1D3 /* Sources */ = {
			isa = PBXSourcesBuildPhase;
			buildActionMask = 2147483647;
			files = (
				1F6D925E2107C02A00BBD09D /* WeatherTableViewController.swift in Sources */,
				1FF01ED121066FCC00D9B1D3 /* Weather.xcdatamodeld in Sources */,
				1FB85F4B2113AA060009E6DE /* FinalOutfitViewController.swift in Sources */,
				1FE4DAFC2109377400C3E81F /* HomePageViewController.swift in Sources */,
				1F4973F5210A5A6E00549D8E /* CoreDataHelper.swift in Sources */,
				1FB85F4921139EA50009E6DE /* RegisterPageViewController.swift in Sources */,
				1FF01ECB21066FCC00D9B1D3 /* CreateClosetViewController.swift in Sources */,
				1F4973F9210A72EA00549D8E /* ImageCollectionViewCell.swift in Sources */,
				1FB85F47211275890009E6DE /* CreateAnAccountController.swift in Sources */,
				1FF01EC921066FCC00D9B1D3 /* AppDelegate.swift in Sources */,
				1F27F2B0211A6AFD003AE7C1 /* ImageWithAttributes.swift in Sources */,
				1F6D92602107C29600BBD09D /* Weather.swift in Sources */,
			);
			runOnlyForDeploymentPostprocessing = 0;
		};
		1FF01ED821066FD200D9B1D3 /* Sources */ = {
			isa = PBXSourcesBuildPhase;
			buildActionMask = 2147483647;
			files = (
				1FF01EE121066FD200D9B1D3 /* WeatherTests.swift in Sources */,
			);
			runOnlyForDeploymentPostprocessing = 0;
		};
		1FF01EE321066FD300D9B1D3 /* Sources */ = {
			isa = PBXSourcesBuildPhase;
			buildActionMask = 2147483647;
			files = (
				1FF01EEC21066FD300D9B1D3 /* WeatherUITests.swift in Sources */,
			);
			runOnlyForDeploymentPostprocessing = 0;
		};
/* End PBXSourcesBuildPhase section */

/* Begin PBXTargetDependency section */
		1FF01EDE21066FD200D9B1D3 /* PBXTargetDependency */ = {
			isa = PBXTargetDependency;
			target = 1FF01EC421066FCC00D9B1D3 /* Weather */;
			targetProxy = 1FF01EDD21066FD200D9B1D3 /* PBXContainerItemProxy */;
		};
		1FF01EE921066FD300D9B1D3 /* PBXTargetDependency */ = {
			isa = PBXTargetDependency;
			target = 1FF01EC421066FCC00D9B1D3 /* Weather */;
			targetProxy = 1FF01EE821066FD300D9B1D3 /* PBXContainerItemProxy */;
		};
/* End PBXTargetDependency section */

/* Begin PBXVariantGroup section */
		1FF01ECC21066FCC00D9B1D3 /* Main.storyboard */ = {
			isa = PBXVariantGroup;
			children = (
				1FF01ECD21066FCC00D9B1D3 /* Base */,
			);
			name = Main.storyboard;
			sourceTree = "<group>";
		};
		1FF01ED421066FD200D9B1D3 /* LaunchScreen.storyboard */ = {
			isa = PBXVariantGroup;
			children = (
				1FF01ED521066FD200D9B1D3 /* Base */,
			);
			name = LaunchScreen.storyboard;
			sourceTree = "<group>";
		};
/* End PBXVariantGroup section */

/* Begin XCBuildConfiguration section */
		1FF01EEE21066FD300D9B1D3 /* Debug */ = {
			isa = XCBuildConfiguration;
			buildSettings = {
				ALWAYS_SEARCH_USER_PATHS = NO;
				CLANG_ANALYZER_NONNULL = YES;
				CLANG_ANALYZER_NUMBER_OBJECT_CONVERSION = YES_AGGRESSIVE;
				CLANG_CXX_LANGUAGE_STANDARD = "gnu++14";
				CLANG_CXX_LIBRARY = "libc++";
				CLANG_ENABLE_MODULES = YES;
				CLANG_ENABLE_OBJC_ARC = YES;
				CLANG_ENABLE_OBJC_WEAK = YES;
				CLANG_WARN_BLOCK_CAPTURE_AUTORELEASING = YES;
				CLANG_WARN_BOOL_CONVERSION = YES;
				CLANG_WARN_COMMA = YES;
				CLANG_WARN_CONSTANT_CONVERSION = YES;
				CLANG_WARN_DEPRECATED_OBJC_IMPLEMENTATIONS = YES;
				CLANG_WARN_DIRECT_OBJC_ISA_USAGE = YES_ERROR;
				CLANG_WARN_DOCUMENTATION_COMMENTS = YES;
				CLANG_WARN_EMPTY_BODY = YES;
				CLANG_WARN_ENUM_CONVERSION = YES;
				CLANG_WARN_INFINITE_RECURSION = YES;
				CLANG_WARN_INT_CONVERSION = YES;
				CLANG_WARN_NON_LITERAL_NULL_CONVERSION = YES;
				CLANG_WARN_OBJC_IMPLICIT_RETAIN_SELF = YES;
				CLANG_WARN_OBJC_LITERAL_CONVERSION = YES;
				CLANG_WARN_OBJC_ROOT_CLASS = YES_ERROR;
				CLANG_WARN_RANGE_LOOP_ANALYSIS = YES;
				CLANG_WARN_STRICT_PROTOTYPES = YES;
				CLANG_WARN_SUSPICIOUS_MOVE = YES;
				CLANG_WARN_UNGUARDED_AVAILABILITY = YES_AGGRESSIVE;
				CLANG_WARN_UNREACHABLE_CODE = YES;
				CLANG_WARN__DUPLICATE_METHOD_MATCH = YES;
				CODE_SIGN_IDENTITY = "iPhone Developer";
				COPY_PHASE_STRIP = NO;
				DEBUG_INFORMATION_FORMAT = dwarf;
				ENABLE_STRICT_OBJC_MSGSEND = YES;
				ENABLE_TESTABILITY = YES;
				GCC_C_LANGUAGE_STANDARD = gnu11;
				GCC_DYNAMIC_NO_PIC = NO;
				GCC_NO_COMMON_BLOCKS = YES;
				GCC_OPTIMIZATION_LEVEL = 0;
				GCC_PREPROCESSOR_DEFINITIONS = (
					"DEBUG=1",
					"$(inherited)",
				);
				GCC_WARN_64_TO_32_BIT_CONVERSION = YES;
				GCC_WARN_ABOUT_RETURN_TYPE = YES_ERROR;
				GCC_WARN_UNDECLARED_SELECTOR = YES;
				GCC_WARN_UNINITIALIZED_AUTOS = YES_AGGRESSIVE;
				GCC_WARN_UNUSED_FUNCTION = YES;
				GCC_WARN_UNUSED_VARIABLE = YES;
				IPHONEOS_DEPLOYMENT_TARGET = 11.4;
				MTL_ENABLE_DEBUG_INFO = YES;
				ONLY_ACTIVE_ARCH = YES;
				SDKROOT = iphoneos;
				SWIFT_ACTIVE_COMPILATION_CONDITIONS = DEBUG;
				SWIFT_OPTIMIZATION_LEVEL = "-Onone";
			};
			name = Debug;
		};
		1FF01EEF21066FD300D9B1D3 /* Release */ = {
			isa = XCBuildConfiguration;
			buildSettings = {
				ALWAYS_SEARCH_USER_PATHS = NO;
				CLANG_ANALYZER_NONNULL = YES;
				CLANG_ANALYZER_NUMBER_OBJECT_CONVERSION = YES_AGGRESSIVE;
				CLANG_CXX_LANGUAGE_STANDARD = "gnu++14";
				CLANG_CXX_LIBRARY = "libc++";
				CLANG_ENABLE_MODULES = YES;
				CLANG_ENABLE_OBJC_ARC = YES;
				CLANG_ENABLE_OBJC_WEAK = YES;
				CLANG_WARN_BLOCK_CAPTURE_AUTORELEASING = YES;
				CLANG_WARN_BOOL_CONVERSION = YES;
				CLANG_WARN_COMMA = YES;
				CLANG_WARN_CONSTANT_CONVERSION = YES;
				CLANG_WARN_DEPRECATED_OBJC_IMPLEMENTATIONS = YES;
				CLANG_WARN_DIRECT_OBJC_ISA_USAGE = YES_ERROR;
				CLANG_WARN_DOCUMENTATION_COMMENTS = YES;
				CLANG_WARN_EMPTY_BODY = YES;
				CLANG_WARN_ENUM_CONVERSION = YES;
				CLANG_WARN_INFINITE_RECURSION = YES;
				CLANG_WARN_INT_CONVERSION = YES;
				CLANG_WARN_NON_LITERAL_NULL_CONVERSION = YES;
				CLANG_WARN_OBJC_IMPLICIT_RETAIN_SELF = YES;
				CLANG_WARN_OBJC_LITERAL_CONVERSION = YES;
				CLANG_WARN_OBJC_ROOT_CLASS = YES_ERROR;
				CLANG_WARN_RANGE_LOOP_ANALYSIS = YES;
				CLANG_WARN_STRICT_PROTOTYPES = YES;
				CLANG_WARN_SUSPICIOUS_MOVE = YES;
				CLANG_WARN_UNGUARDED_AVAILABILITY = YES_AGGRESSIVE;
				CLANG_WARN_UNREACHABLE_CODE = YES;
				CLANG_WARN__DUPLICATE_METHOD_MATCH = YES;
				CODE_SIGN_IDENTITY = "iPhone Developer";
				COPY_PHASE_STRIP = NO;
				DEBUG_INFORMATION_FORMAT = "dwarf-with-dsym";
				ENABLE_NS_ASSERTIONS = NO;
				ENABLE_STRICT_OBJC_MSGSEND = YES;
				GCC_C_LANGUAGE_STANDARD = gnu11;
				GCC_NO_COMMON_BLOCKS = YES;
				GCC_WARN_64_TO_32_BIT_CONVERSION = YES;
				GCC_WARN_ABOUT_RETURN_TYPE = YES_ERROR;
				GCC_WARN_UNDECLARED_SELECTOR = YES;
				GCC_WARN_UNINITIALIZED_AUTOS = YES_AGGRESSIVE;
				GCC_WARN_UNUSED_FUNCTION = YES;
				GCC_WARN_UNUSED_VARIABLE = YES;
				IPHONEOS_DEPLOYMENT_TARGET = 11.4;
				MTL_ENABLE_DEBUG_INFO = NO;
				SDKROOT = iphoneos;
				SWIFT_COMPILATION_MODE = wholemodule;
				SWIFT_OPTIMIZATION_LEVEL = "-O";
				VALIDATE_PRODUCT = YES;
			};
			name = Release;
		};
		1FF01EF121066FD300D9B1D3 /* Debug */ = {
			isa = XCBuildConfiguration;
			buildSettings = {
				ASSETCATALOG_COMPILER_APPICON_NAME = AppIcon;
				CODE_SIGN_IDENTITY = "iPhone Developer";
				CODE_SIGN_STYLE = Automatic;
				DEVELOPMENT_TEAM = 2R45NVVE45;
				INFOPLIST_FILE = Weather/Info.plist;
				IPHONEOS_DEPLOYMENT_TARGET = 10.0;
				LD_RUNPATH_SEARCH_PATHS = (
					"$(inherited)",
					"@executable_path/Frameworks",
				);
				PRODUCT_BUNDLE_IDENTIFIER = com.vedajammula.WeatherHotCloset;
				PRODUCT_NAME = "$(TARGET_NAME)";
				SWIFT_VERSION = 4.0;
				TARGETED_DEVICE_FAMILY = 1;
			};
			name = Debug;
		};
		1FF01EF221066FD300D9B1D3 /* Release */ = {
			isa = XCBuildConfiguration;
			buildSettings = {
				ASSETCATALOG_COMPILER_APPICON_NAME = AppIcon;
				CODE_SIGN_IDENTITY = "iPhone Developer";
				CODE_SIGN_STYLE = Automatic;
				DEVELOPMENT_TEAM = 2R45NVVE45;
				INFOPLIST_FILE = Weather/Info.plist;
				IPHONEOS_DEPLOYMENT_TARGET = 10.0;
				LD_RUNPATH_SEARCH_PATHS = (
					"$(inherited)",
					"@executable_path/Frameworks",
				);
				PRODUCT_BUNDLE_IDENTIFIER = com.vedajammula.WeatherHotCloset;
				PRODUCT_NAME = "$(TARGET_NAME)";
				SWIFT_VERSION = 4.0;
				TARGETED_DEVICE_FAMILY = 1;
			};
			name = Release;
		};
		1FF01EF421066FD300D9B1D3 /* Debug */ = {
			isa = XCBuildConfiguration;
			buildSettings = {
				ALWAYS_EMBED_SWIFT_STANDARD_LIBRARIES = YES;
				BUNDLE_LOADER = "$(TEST_HOST)";
				CODE_SIGN_STYLE = Automatic;
				INFOPLIST_FILE = WeatherTests/Info.plist;
				LD_RUNPATH_SEARCH_PATHS = (
					"$(inherited)",
					"@executable_path/Frameworks",
					"@loader_path/Frameworks",
				);
				PRODUCT_BUNDLE_IDENTIFIER = com.vedajammula.WeatherTests;
				PRODUCT_NAME = "$(TARGET_NAME)";
				SWIFT_VERSION = 4.0;
				TARGETED_DEVICE_FAMILY = "1,2";
				TEST_HOST = "$(BUILT_PRODUCTS_DIR)/Weather.app/Weather";
			};
			name = Debug;
		};
		1FF01EF521066FD300D9B1D3 /* Release */ = {
			isa = XCBuildConfiguration;
			buildSettings = {
				ALWAYS_EMBED_SWIFT_STANDARD_LIBRARIES = YES;
				BUNDLE_LOADER = "$(TEST_HOST)";
				CODE_SIGN_STYLE = Automatic;
				INFOPLIST_FILE = WeatherTests/Info.plist;
				LD_RUNPATH_SEARCH_PATHS = (
					"$(inherited)",
					"@executable_path/Frameworks",
					"@loader_path/Frameworks",
				);
				PRODUCT_BUNDLE_IDENTIFIER = com.vedajammula.WeatherTests;
				PRODUCT_NAME = "$(TARGET_NAME)";
				SWIFT_VERSION = 4.0;
				TARGETED_DEVICE_FAMILY = "1,2";
				TEST_HOST = "$(BUILT_PRODUCTS_DIR)/Weather.app/Weather";
			};
			name = Release;
		};
		1FF01EF721066FD300D9B1D3 /* Debug */ = {
			isa = XCBuildConfiguration;
			buildSettings = {
				ALWAYS_EMBED_SWIFT_STANDARD_LIBRARIES = YES;
				CODE_SIGN_STYLE = Automatic;
				INFOPLIST_FILE = WeatherUITests/Info.plist;
				LD_RUNPATH_SEARCH_PATHS = (
					"$(inherited)",
					"@executable_path/Frameworks",
					"@loader_path/Frameworks",
				);
				PRODUCT_BUNDLE_IDENTIFIER = com.vedajammula.WeatherUITests;
				PRODUCT_NAME = "$(TARGET_NAME)";
				SWIFT_VERSION = 4.0;
				TARGETED_DEVICE_FAMILY = "1,2";
				TEST_TARGET_NAME = Weather;
			};
			name = Debug;
		};
		1FF01EF821066FD300D9B1D3 /* Release */ = {
			isa = XCBuildConfiguration;
			buildSettings = {
				ALWAYS_EMBED_SWIFT_STANDARD_LIBRARIES = YES;
				CODE_SIGN_STYLE = Automatic;
				INFOPLIST_FILE = WeatherUITests/Info.plist;
				LD_RUNPATH_SEARCH_PATHS = (
					"$(inherited)",
					"@executable_path/Frameworks",
					"@loader_path/Frameworks",
				);
				PRODUCT_BUNDLE_IDENTIFIER = com.vedajammula.WeatherUITests;
				PRODUCT_NAME = "$(TARGET_NAME)";
				SWIFT_VERSION = 4.0;
				TARGETED_DEVICE_FAMILY = "1,2";
				TEST_TARGET_NAME = Weather;
			};
			name = Release;
		};
/* End XCBuildConfiguration section */

/* Begin XCConfigurationList section */
		1FF01EC021066FCC00D9B1D3 /* Build configuration list for PBXProject "Weather" */ = {
			isa = XCConfigurationList;
			buildConfigurations = (
				1FF01EEE21066FD300D9B1D3 /* Debug */,
				1FF01EEF21066FD300D9B1D3 /* Release */,
			);
			defaultConfigurationIsVisible = 0;
			defaultConfigurationName = Release;
		};
		1FF01EF021066FD300D9B1D3 /* Build configuration list for PBXNativeTarget "Weather" */ = {
			isa = XCConfigurationList;
			buildConfigurations = (
				1FF01EF121066FD300D9B1D3 /* Debug */,
				1FF01EF221066FD300D9B1D3 /* Release */,
			);
			defaultConfigurationIsVisible = 0;
			defaultConfigurationName = Release;
		};
		1FF01EF321066FD300D9B1D3 /* Build configuration list for PBXNativeTarget "WeatherTests" */ = {
			isa = XCConfigurationList;
			buildConfigurations = (
				1FF01EF421066FD300D9B1D3 /* Debug */,
				1FF01EF521066FD300D9B1D3 /* Release */,
			);
			defaultConfigurationIsVisible = 0;
			defaultConfigurationName = Release;
		};
		1FF01EF621066FD300D9B1D3 /* Build configuration list for PBXNativeTarget "WeatherUITests" */ = {
			isa = XCConfigurationList;
			buildConfigurations = (
				1FF01EF721066FD300D9B1D3 /* Debug */,
				1FF01EF821066FD300D9B1D3 /* Release */,
			);
			defaultConfigurationIsVisible = 0;
			defaultConfigurationName = Release;
		};
/* End XCConfigurationList section */

/* Begin XCVersionGroup section */
		1FF01ECF21066FCC00D9B1D3 /* Weather.xcdatamodeld */ = {
			isa = XCVersionGroup;
			children = (
				1FF01ED021066FCC00D9B1D3 /* Weather.xcdatamodel */,
			);
			currentVersion = 1FF01ED021066FCC00D9B1D3 /* Weather.xcdatamodel */;
			path = Weather.xcdatamodeld;
			sourceTree = "<group>";
			versionGroupType = wrapper.xcdatamodel;
		};
/* End XCVersionGroup section */
	};
	rootObject = 1FF01EBD21066FCC00D9B1D3 /* Project object */;
}
